
Microsoft Visual Studio Solution File, Format Version 12.00
# Visual Studio Version 17
VisualStudioVersion = 17.11.35208.52
MinimumVisualStudioVersion = 10.0.40219.1
Project("{FAE04EC0-301F-11D3-BF4B-00C04F79EFBC}") = "KarenderyA", "KarenderyA.csproj", "{8537F2D0-A155-4206-9F3F-C73756FD8617}"
EndProject
Global
	GlobalSection(SolutionConfigurationPlatforms) = preSolution
		Debug|Any CPU = Debug|Any CPU
		Release|Any CPU = Release|Any CPU
	EndGlobalSection
	GlobalSection(ProjectConfigurationPlatforms) = postSolution
		{8537F2D0-A155-4206-9F3F-C73756FD8617}.Debug|Any CPU.ActiveCfg = Debug|Any CPU
		{8537F2D0-A155-4206-9F3F-C73756FD8617}.Debug|Any CPU.Build.0 = Debug|Any CPU
		{8537F2D0-A155-4206-9F3F-C73756FD8617}.Release|Any CPU.ActiveCfg = Release|Any CPU
		{8537F2D0-A155-4206-9F3F-C73756FD8617}.Release|Any CPU.Build.0 = Release|Any CPU
	EndGlobalSection
	GlobalSection(SolutionProperties) = preSolution
		HideSolutionNode = FALSE
	EndGlobalSection
	GlobalSection(ExtensibilityGlobals) = postSolution
		SolutionGuid = {1A32E214-4C38-4C6E-A99D-68C6C2F3886A}
	EndGlobalSection
EndGlobal
